{
  "name": "@reservando/design-system",
  "version": "1.0.0",
  "lockfileVersion": 1,
  "requires": true,
  "dependencies": {
    "@babel/helper-validator-identifier": {
      "version": "7.12.11",
      "resolved": "https://registry.npmjs.org/@babel/helper-validator-identifier/-/helper-validator-identifier-7.12.11.tgz",
      "integrity": "sha512-np/lG3uARFybkoHokJUmf1QfEvRVCPbmQeUQpKow5cQ3xWrV9i3rUHodKDJPQfTVX61qKi+UdYk8kik84n7XOw=="
    },
    "@babel/parser": {
      "version": "7.13.13",
      "resolved": "https://registry.npmjs.org/@babel/parser/-/parser-7.13.13.tgz",
      "integrity": "sha512-OhsyMrqygfk5v8HmWwOzlYjJrtLaFhF34MrfG/Z73DgYCI6ojNUTUp2TYbtnjo8PegeJp12eamsNettCQjKjVw=="
    },
    "@babel/types": {
      "version": "7.13.13",
      "resolved": "https://registry.npmjs.org/@babel/types/-/types-7.13.13.tgz",
      "integrity": "sha512-kt+EpC6qDfIaqlP+DIbIJOclYy/A1YXs9dAf/ljbi+39Bcbc073H6jKVpXEr/EoIh5anGn5xq/yRVzKl+uIc9w==",
      "requires": {
        "@babel/helper-validator-identifier": "^7.12.11",
        "lodash": "^4.17.19",
        "to-fast-properties": "^2.0.0"
      }
    },
    "@vue/compiler-core": {
      "version": "3.0.8",
      "resolved": "https://registry.npmjs.org/@vue/compiler-core/-/compiler-core-3.0.8.tgz",
      "integrity": "sha512-TFusP6wemgJPgmXyxHiYshtYci1PdAjX0bOSJqxPDXf2ykojRGq9RcTKj85b1fWyC9fnT5HK73OHe6rqZUa8vA==",
      "requires": {
        "@babel/parser": "^7.12.0",
        "@babel/types": "^7.12.0",
        "@vue/shared": "3.0.8",
        "estree-walker": "^2.0.1",
        "source-map": "^0.6.1"
      }
    },
    "@vue/compiler-dom": {
      "version": "3.0.8",
      "resolved": "https://registry.npmjs.org/@vue/compiler-dom/-/compiler-dom-3.0.8.tgz",
      "integrity": "sha512-uMUtpFqWOXlbnV167ihPJehVa/84k5xfTrYHJh2bqKaSL7sA2b1bkhFjTXAfOss9LcrGnQSk/CjOPZGZfExEVw==",
      "requires": {
        "@vue/compiler-core": "3.0.8",
        "@vue/shared": "3.0.8"
      }
    },
    "@vue/reactivity": {
      "version": "3.0.8",
      "resolved": "https://registry.npmjs.org/@vue/reactivity/-/reactivity-3.0.8.tgz",
      "integrity": "sha512-W0oEQ005rUa6r1Rq/fEw/Nx3FN+AoAYV2Kf+qI8RGOXHYuUdgVEf//o0UUmlT7ocnniOEf46l+eLfgvilWYJoA==",
      "requires": {
        "@vue/shared": "3.0.8"
      }
    },
    "@vue/runtime-core": {
      "version": "3.0.8",
      "resolved": "https://registry.npmjs.org/@vue/runtime-core/-/runtime-core-3.0.8.tgz",
      "integrity": "sha512-H7d+s56RPFMWT7SOwabRo9Rx6auQ4AsoY7dZ0lmT2fmgwQ+knEnqmL1KWSPQIruleYU5yCtbgyqByVz8ej5e1A==",
      "requires": {
        "@vue/reactivity": "3.0.8",
        "@vue/shared": "3.0.8"
      }
    },
    "@vue/runtime-dom": {
      "version": "3.0.8",
      "resolved": "https://registry.npmjs.org/@vue/runtime-dom/-/runtime-dom-3.0.8.tgz",
      "integrity": "sha512-ijW6ycxydtE92rx4nRZDLONhNxtPqX09fQXEukHYv2bNnvO1Q4qY/KZ0E6wqOG0d4ZEmIabjAzG9IbNzalkFnQ==",
      "requires": {
        "@vue/runtime-core": "3.0.8",
        "@vue/shared": "3.0.8",
        "csstype": "^2.6.8"
      }
    },
    "@vue/shared": {
      "version": "3.0.8",
      "resolved": "https://registry.npmjs.org/@vue/shared/-/shared-3.0.8.tgz",
      "integrity": "sha512-zDdHjJjzgWYFw8TTUW08JjdERTlBik5/N5LuTAqU0e4wS6wElcvftiNHrD0ONr79O3fi66Z3Ug4jgPhBomPQUA=="
    },
    "csstype": {
      "version": "2.6.16",
      "resolved": "https://registry.npmjs.org/csstype/-/csstype-2.6.16.tgz",
      "integrity": "sha512-61FBWoDHp/gRtsoDkq/B1nWrCUG/ok1E3tUrcNbZjsE9Cxd9yzUirjS3+nAATB8U4cTtaQmAHbNndoFz5L6C9Q=="
    },
    "estree-walker": {
      "version": "2.0.2",
      "resolved": "https://registry.npmjs.org/estree-walker/-/estree-walker-2.0.2.tgz",
      "integrity": "sha512-Rfkk/Mp/DL7JVje3u18FxFujQlTNR2q6QfMSMB7AvCBx91NGj/ba3kCfza0f6dVDbw7YlRf/nDrn7pQrCCyQ/w=="
    },
    "lodash": {
      "version": "4.17.21",
      "resolved": "https://registry.npmjs.org/lodash/-/lodash-4.17.21.tgz",
      "integrity": "sha512-v2kDEe57lecTulaDIuNTPy3Ry4gLGJ6Z1O3vE1krgXZNrsQ+LFTGHVxVjcXPs17LhbZVGedAJv8XZ1tvj5FvSg=="
    },
    "source-map": {
      "version": "0.6.1",
      "resolved": "https://registry.npmjs.org/source-map/-/source-map-0.6.1.tgz",
      "integrity": "sha512-UjgapumWlbMhkBgzT7Ykc5YXUT46F0iKu8SGXq0bcwP5dz/h0Plj6enJqjz1Zbq2l5WaqYnrVbwWOWMyF3F47g=="
    },
    "to-fast-properties": {
      "version": "2.0.0",
      "resolved": "https://registry.npmjs.org/to-fast-properties/-/to-fast-properties-2.0.0.tgz",
      "integrity": "sha1-3F5pjL0HkmW8c+A3doGk5Og/YW4="
    },
    "vue": {
      "version": "3.0.8",
      "resolved": "https://registry.npmjs.org/vue/-/vue-3.0.8.tgz",
      "integrity": "sha512-EE6mfGnPkQgTl1A9Vl2Jld9i4cN7KUDYTC0xPSfNRff6mwYDAqjtesdFo+Sk4/BkRfFSPgR1VnzNB7YbMLdrjw==",
      "requires": {
        "@vue/compiler-dom": "3.0.8",
        "@vue/runtime-dom": "3.0.8",
        "@vue/shared": "3.0.8"
      }
    },
    "vue3-scroll-picker": {
      "version": "0.1.13",
      "resolved": "https://registry.npmjs.org/vue3-scroll-picker/-/vue3-scroll-picker-0.1.13.tgz",
      "integrity": "sha512-E9+wQhVzrcZLx3mj5LcplA8r78k2S2f0EWshxW386vNUpf9xWlfcnyY7Q7DyX8uJpZtZ8i6qzI+72qhJuteT+g==",
      "dev": true
    }
  }
}
